
Microsoft Visual Studio Solution File, Format Version 12.00
# Visual Studio Version 17
VisualStudioVersion = 17.0.31903.59
MinimumVisualStudioVersion = 10.0.40219.1
Project("{9A19103F-16F7-4668-BE54-9A1E7A4F7556}") = "HelloWorld", "HelloWorld\HelloWorld.csproj", "{174C8D97-EDDC-4AD7-A4AE-C745CEBA7191}"
EndProject
Project("{9A19103F-16F7-4668-BE54-9A1E7A4F7556}") = "CalculatorApp", "CalculatorApp\CalculatorApp.csproj", "{23547BC0-44A8-48DA-B4E7-6612278239CE}"
EndProject
Project("{9A19103F-16F7-4668-BE54-9A1E7A4F7556}") = "TodoApp", "TodoApp\TodoApp.csproj", "{B47B1ECF-4914-4DCC-94B6-BE99B21E56E4}"
EndProject
Project("{2150E333-8FDC-42A3-9474-1A3956D46DE8}") = "1.Fundamentals", "1.Fundamentals", "{24821837-75AE-4B40-9997-F882E01CAD16}"
EndProject
Project("{2150E333-8FDC-42A3-9474-1A3956D46DE8}") = "2.OOP", "2.OOP", "{3713FC22-B2EF-4253-BE1D-3F781E63A064}"
EndProject
Project("{9A19103F-16F7-4668-BE54-9A1E7A4F7556}") = "UnderstandingOOP", "UnderstandingOOP\UnderstandingOOP.csproj", "{93D34FA8-50F3-4206-9336-9AA4C438F424}"
EndProject
Project("{FAE04EC0-301F-11D3-BF4B-00C04F79EFBC}") = "DiceRollGame", "src\2.OOP\DiceRollGame\DiceRollGame.csproj", "{B6995F3E-AB19-43BB-BDCD-FBACD487B236}"
EndProject
Global
	GlobalSection(SolutionConfigurationPlatforms) = preSolution
		Debug|Any CPU = Debug|Any CPU
		Release|Any CPU = Release|Any CPU
	EndGlobalSection
	GlobalSection(ProjectConfigurationPlatforms) = postSolution
		{174C8D97-EDDC-4AD7-A4AE-C745CEBA7191}.Debug|Any CPU.ActiveCfg = Debug|Any CPU
		{174C8D97-EDDC-4AD7-A4AE-C745CEBA7191}.Debug|Any CPU.Build.0 = Debug|Any CPU
		{174C8D97-EDDC-4AD7-A4AE-C745CEBA7191}.Release|Any CPU.ActiveCfg = Release|Any CPU
		{174C8D97-EDDC-4AD7-A4AE-C745CEBA7191}.Release|Any CPU.Build.0 = Release|Any CPU
		{23547BC0-44A8-48DA-B4E7-6612278239CE}.Debug|Any CPU.ActiveCfg = Debug|Any CPU
		{23547BC0-44A8-48DA-B4E7-6612278239CE}.Debug|Any CPU.Build.0 = Debug|Any CPU
		{23547BC0-44A8-48DA-B4E7-6612278239CE}.Release|Any CPU.ActiveCfg = Release|Any CPU
		{23547BC0-44A8-48DA-B4E7-6612278239CE}.Release|Any CPU.Build.0 = Release|Any CPU
		{B47B1ECF-4914-4DCC-94B6-BE99B21E56E4}.Debug|Any CPU.ActiveCfg = Debug|Any CPU
		{B47B1ECF-4914-4DCC-94B6-BE99B21E56E4}.Debug|Any CPU.Build.0 = Debug|Any CPU
		{B47B1ECF-4914-4DCC-94B6-BE99B21E56E4}.Release|Any CPU.ActiveCfg = Release|Any CPU
		{B47B1ECF-4914-4DCC-94B6-BE99B21E56E4}.Release|Any CPU.Build.0 = Release|Any CPU
		{93D34FA8-50F3-4206-9336-9AA4C438F424}.Debug|Any CPU.ActiveCfg = Debug|Any CPU
		{93D34FA8-50F3-4206-9336-9AA4C438F424}.Debug|Any CPU.Build.0 = Debug|Any CPU
		{93D34FA8-50F3-4206-9336-9AA4C438F424}.Release|Any CPU.ActiveCfg = Release|Any CPU
		{93D34FA8-50F3-4206-9336-9AA4C438F424}.Release|Any CPU.Build.0 = Release|Any CPU
		{B6995F3E-AB19-43BB-BDCD-FBACD487B236}.Debug|Any CPU.ActiveCfg = Debug|Any CPU
		{B6995F3E-AB19-43BB-BDCD-FBACD487B236}.Debug|Any CPU.Build.0 = Debug|Any CPU
		{B6995F3E-AB19-43BB-BDCD-FBACD487B236}.Release|Any CPU.ActiveCfg = Release|Any CPU
		{B6995F3E-AB19-43BB-BDCD-FBACD487B236}.Release|Any CPU.Build.0 = Release|Any CPU
	EndGlobalSection
	GlobalSection(SolutionProperties) = preSolution
		HideSolutionNode = FALSE
	EndGlobalSection
	GlobalSection(NestedProjects) = preSolution
		{174C8D97-EDDC-4AD7-A4AE-C745CEBA7191} = {24821837-75AE-4B40-9997-F882E01CAD16}
		{23547BC0-44A8-48DA-B4E7-6612278239CE} = {24821837-75AE-4B40-9997-F882E01CAD16}
		{B47B1ECF-4914-4DCC-94B6-BE99B21E56E4} = {24821837-75AE-4B40-9997-F882E01CAD16}
		{93D34FA8-50F3-4206-9336-9AA4C438F424} = {3713FC22-B2EF-4253-BE1D-3F781E63A064}
		{B6995F3E-AB19-43BB-BDCD-FBACD487B236} = {3713FC22-B2EF-4253-BE1D-3F781E63A064}
	EndGlobalSection
	GlobalSection(ExtensibilityGlobals) = postSolution
		SolutionGuid = {E8DC3BAA-0EF2-45DE-BAF0-5B4E0BA0628E}
	EndGlobalSection
EndGlobal
