
Microsoft Visual Studio Solution File, Format Version 12.00
# Visual Studio Version 17
VisualStudioVersion = 17.0.31903.59
MinimumVisualStudioVersion = 10.0.40219.1
Project("{2150E333-8FDC-42A3-9474-1A3956D46DE8}") = "src", "src", "{5875CA71-91E6-4307-86CA-AEB771AA3FEC}"
EndProject
Project("{2150E333-8FDC-42A3-9474-1A3956D46DE8}") = "1.Fundamentals", "1.Fundamentals", "{28B26140-C894-4B52-876A-DCDFC17320C1}"
EndProject
Project("{FAE04EC0-301F-11D3-BF4B-00C04F79EFBC}") = "CalculatorApp", "src\1.Fundamentals\CalculatorApp\CalculatorApp.csproj", "{22C0B403-D4D6-4210-8471-8F75F2FDDF98}"
EndProject
Project("{FAE04EC0-301F-11D3-BF4B-00C04F79EFBC}") = "HelloWorld", "src\1.Fundamentals\HelloWorld\HelloWorld.csproj", "{18CF0042-DBB5-4C32-9005-F0D4DE87C833}"
EndProject
Project("{FAE04EC0-301F-11D3-BF4B-00C04F79EFBC}") = "TodoApp", "src\1.Fundamentals\TodoApp\TodoApp.csproj", "{75F42D15-3FB6-4094-A2F7-2301F671416C}"
EndProject
Project("{2150E333-8FDC-42A3-9474-1A3956D46DE8}") = "2.OOP", "2.OOP", "{1C19AEB7-31CB-4EC0-B271-55081DE8135A}"
EndProject
Project("{FAE04EC0-301F-11D3-BF4B-00C04F79EFBC}") = "UnderstandingOOP", "src\2.OOP\UnderstandingOOP\UnderstandingOOP.csproj", "{244D4BD4-70C8-48CE-A641-63A735D98E15}"
EndProject
Global
	GlobalSection(SolutionConfigurationPlatforms) = preSolution
		Debug|Any CPU = Debug|Any CPU
		Release|Any CPU = Release|Any CPU
	EndGlobalSection
	GlobalSection(SolutionProperties) = preSolution
		HideSolutionNode = FALSE
	EndGlobalSection
	GlobalSection(ProjectConfigurationPlatforms) = postSolution
		{22C0B403-D4D6-4210-8471-8F75F2FDDF98}.Debug|Any CPU.ActiveCfg = Debug|Any CPU
		{22C0B403-D4D6-4210-8471-8F75F2FDDF98}.Debug|Any CPU.Build.0 = Debug|Any CPU
		{22C0B403-D4D6-4210-8471-8F75F2FDDF98}.Release|Any CPU.ActiveCfg = Release|Any CPU
		{22C0B403-D4D6-4210-8471-8F75F2FDDF98}.Release|Any CPU.Build.0 = Release|Any CPU
		{18CF0042-DBB5-4C32-9005-F0D4DE87C833}.Debug|Any CPU.ActiveCfg = Debug|Any CPU
		{18CF0042-DBB5-4C32-9005-F0D4DE87C833}.Debug|Any CPU.Build.0 = Debug|Any CPU
		{18CF0042-DBB5-4C32-9005-F0D4DE87C833}.Release|Any CPU.ActiveCfg = Release|Any CPU
		{18CF0042-DBB5-4C32-9005-F0D4DE87C833}.Release|Any CPU.Build.0 = Release|Any CPU
		{75F42D15-3FB6-4094-A2F7-2301F671416C}.Debug|Any CPU.ActiveCfg = Debug|Any CPU
		{75F42D15-3FB6-4094-A2F7-2301F671416C}.Debug|Any CPU.Build.0 = Debug|Any CPU
		{75F42D15-3FB6-4094-A2F7-2301F671416C}.Release|Any CPU.ActiveCfg = Release|Any CPU
		{75F42D15-3FB6-4094-A2F7-2301F671416C}.Release|Any CPU.Build.0 = Release|Any CPU
		{244D4BD4-70C8-48CE-A641-63A735D98E15}.Debug|Any CPU.ActiveCfg = Debug|Any CPU
		{244D4BD4-70C8-48CE-A641-63A735D98E15}.Debug|Any CPU.Build.0 = Debug|Any CPU
		{244D4BD4-70C8-48CE-A641-63A735D98E15}.Release|Any CPU.ActiveCfg = Release|Any CPU
		{244D4BD4-70C8-48CE-A641-63A735D98E15}.Release|Any CPU.Build.0 = Release|Any CPU
	EndGlobalSection
	GlobalSection(NestedProjects) = preSolution
		{28B26140-C894-4B52-876A-DCDFC17320C1} = {5875CA71-91E6-4307-86CA-AEB771AA3FEC}
		{22C0B403-D4D6-4210-8471-8F75F2FDDF98} = {28B26140-C894-4B52-876A-DCDFC17320C1}
		{18CF0042-DBB5-4C32-9005-F0D4DE87C833} = {28B26140-C894-4B52-876A-DCDFC17320C1}
		{75F42D15-3FB6-4094-A2F7-2301F671416C} = {28B26140-C894-4B52-876A-DCDFC17320C1}
		{1C19AEB7-31CB-4EC0-B271-55081DE8135A} = {5875CA71-91E6-4307-86CA-AEB771AA3FEC}
		{244D4BD4-70C8-48CE-A641-63A735D98E15} = {1C19AEB7-31CB-4EC0-B271-55081DE8135A}
	EndGlobalSection
EndGlobal
